
Microsoft Visual Studio Solution File, Format Version 12.00
# Visual Studio Version 17
VisualStudioVersion = 17.14.36327.8
MinimumVisualStudioVersion = 10.0.40219.1
Project("{FAE04EC0-301F-11D3-BF4B-00C04F79EFBC}") = "ActorSystem", "ActorSystem.csproj", "{B56CD18E-914D-4825-8229-5F3021EEC68B}"
EndProject
Project("{FAE04EC0-301F-11D3-BF4B-00C04F79EFBC}") = "ActorFramework", "..\ActorFramework\ActorFramework.csproj", "{D7E6C81B-00B8-4DB1-BB78-971DCE98E2D3}"
EndProject
Project("{FAE04EC0-301F-11D3-BF4B-00C04F79EFBC}") = "ActorFramework.AspNetCore", "..\ActorFramework.AspNetCore\ActorFramework.AspNetCore.csproj", "{DB731CB0-35FC-43FA-8CB6-58F43B4E7B5C}"
EndProject
Project("{FAE04EC0-301F-11D3-BF4B-00C04F79EFBC}") = "ActorFramework.Tests", "..\..\tests\ActorFramework.Tests\ActorFramework.Tests.csproj", "{040E7274-6C42-4AE1-968E-EDAA22EBC933}"
EndProject
Project("{FAE04EC0-301F-11D3-BF4B-00C04F79EFBC}") = "ActorFramework.Tools", "..\..\tools\ActorFramework.Tools\ActorFramework.Tools.csproj", "{744FE40C-EDE7-43A5-AE00-77F1811EDC8D}"
EndProject
Project("{2150E333-8FDC-42A3-9474-1A3956D46DE8}") = ".items", ".items", "{02EA681E-C7D8-13C7-8484-4AC65E1B71E8}"
	ProjectSection(SolutionItems) = preProject
		.editorconfig = .editorconfig
	EndProjectSection
EndProject
Project("{2150E333-8FDC-42A3-9474-1A3956D46DE8}") = "Tests", "Tests", "{F37E60CD-C651-4463-82F7-00A7B4B969B3}"
EndProject
Project("{2150E333-8FDC-42A3-9474-1A3956D46DE8}") = ".tools", ".tools", "{B565CF63-E37B-4B0A-A9D8-E794076F5F51}"
EndProject
Project("{2150E333-8FDC-42A3-9474-1A3956D46DE8}") = "Sample", "Sample", "{7E0FFF40-FFAD-4D79-9F93-A14E89D4E234}"
EndProject
Project("{2150E333-8FDC-42A3-9474-1A3956D46DE8}") = ".docs", ".docs", "{AA95EEDD-F679-4F7E-98E1-86BF18AE5A96}"
	ProjectSection(SolutionItems) = preProject
		..\..\README.md = ..\..\README.md
	EndProjectSection
EndProject
Global
	GlobalSection(SolutionConfigurationPlatforms) = preSolution
		Debug|Any CPU = Debug|Any CPU
		Release|Any CPU = Release|Any CPU
	EndGlobalSection
	GlobalSection(ProjectConfigurationPlatforms) = postSolution
		{B56CD18E-914D-4825-8229-5F3021EEC68B}.Debug|Any CPU.ActiveCfg = Debug|Any CPU
		{B56CD18E-914D-4825-8229-5F3021EEC68B}.Debug|Any CPU.Build.0 = Debug|Any CPU
		{B56CD18E-914D-4825-8229-5F3021EEC68B}.Release|Any CPU.ActiveCfg = Release|Any CPU
		{B56CD18E-914D-4825-8229-5F3021EEC68B}.Release|Any CPU.Build.0 = Release|Any CPU
		{D7E6C81B-00B8-4DB1-BB78-971DCE98E2D3}.Debug|Any CPU.ActiveCfg = Debug|Any CPU
		{D7E6C81B-00B8-4DB1-BB78-971DCE98E2D3}.Debug|Any CPU.Build.0 = Debug|Any CPU
		{D7E6C81B-00B8-4DB1-BB78-971DCE98E2D3}.Release|Any CPU.ActiveCfg = Release|Any CPU
		{D7E6C81B-00B8-4DB1-BB78-971DCE98E2D3}.Release|Any CPU.Build.0 = Release|Any CPU
		{DB731CB0-35FC-43FA-8CB6-58F43B4E7B5C}.Debug|Any CPU.ActiveCfg = Debug|Any CPU
		{DB731CB0-35FC-43FA-8CB6-58F43B4E7B5C}.Debug|Any CPU.Build.0 = Debug|Any CPU
		{DB731CB0-35FC-43FA-8CB6-58F43B4E7B5C}.Release|Any CPU.ActiveCfg = Release|Any CPU
		{DB731CB0-35FC-43FA-8CB6-58F43B4E7B5C}.Release|Any CPU.Build.0 = Release|Any CPU
		{040E7274-6C42-4AE1-968E-EDAA22EBC933}.Debug|Any CPU.ActiveCfg = Debug|Any CPU
		{040E7274-6C42-4AE1-968E-EDAA22EBC933}.Debug|Any CPU.Build.0 = Debug|Any CPU
		{040E7274-6C42-4AE1-968E-EDAA22EBC933}.Release|Any CPU.ActiveCfg = Release|Any CPU
		{040E7274-6C42-4AE1-968E-EDAA22EBC933}.Release|Any CPU.Build.0 = Release|Any CPU
		{744FE40C-EDE7-43A5-AE00-77F1811EDC8D}.Debug|Any CPU.ActiveCfg = Debug|Any CPU
		{744FE40C-EDE7-43A5-AE00-77F1811EDC8D}.Debug|Any CPU.Build.0 = Debug|Any CPU
		{744FE40C-EDE7-43A5-AE00-77F1811EDC8D}.Release|Any CPU.ActiveCfg = Release|Any CPU
		{744FE40C-EDE7-43A5-AE00-77F1811EDC8D}.Release|Any CPU.Build.0 = Release|Any CPU
	EndGlobalSection
	GlobalSection(SolutionProperties) = preSolution
		HideSolutionNode = FALSE
	EndGlobalSection
	GlobalSection(NestedProjects) = preSolution
		{B56CD18E-914D-4825-8229-5F3021EEC68B} = {7E0FFF40-FFAD-4D79-9F93-A14E89D4E234}
		{040E7274-6C42-4AE1-968E-EDAA22EBC933} = {F37E60CD-C651-4463-82F7-00A7B4B969B3}
		{744FE40C-EDE7-43A5-AE00-77F1811EDC8D} = {B565CF63-E37B-4B0A-A9D8-E794076F5F51}
	EndGlobalSection
	GlobalSection(ExtensibilityGlobals) = postSolution
		SolutionGuid = {D7394B89-2C3F-475F-A106-E8CA825130BB}
	EndGlobalSection
EndGlobal
